bursavich.dev/crc v0.1.3 h1:3EpbYDGuDaq3JALRqVAOXKVgN2iKlV2FaEHZoSWt2Bc=
bursavich.dev/crc v0.1.3/go.mod h1:MzxhcOeIp+LyKnzau6AvgZMIzQzckYLEB5M1tFjPNp8=
github.com/dejitarudemon/axidb-go-protocol v1.1.0 h1:4F5FIWvhwdKZb0TrALGtEyDTJcxXHlTx8pYFxbJ/h8g=
github.com/dejitarudemon/axidb-go-protocol v1.1.0/go.mod h1:R1L2JbtSA5JSpeYKP1ajZOgoZhaytx7XClFfDQ+1KvA=
github.com/google/uuid v1.6.0 h1:NIvaJDMOsjHA8n1jAhLSgzrAzy1Hgr+hNrb57e+94F0=
github.com/google/uuid v1.6.0/go.mod h1:TIyPZe4MgqvfeYDBFedMoGGpEw/LqOeaOT+nhxU+yHo=
github.com/klauspost/compress v1.20.0 h1:a3C1ke2ohxFymNlb2HWAHjDeKCI90scRskErZkR0ezA=
github.com/klauspost/compress v1.20.0/go.mod h1:LUdAzn7YLVvxLpc7y3V1m40wESHTgc1422pwwBSKYuI=
